
Microsoft Visual Studio Solution File, Format Version 12.00
# Visual Studio Version 17
VisualStudioVersion = 17.13.35806.99
MinimumVisualStudioVersion = 10.0.40219.1
Project("{FAE04EC0-301F-11D3-BF4B-00C04F79EFBC}") = "CMCS1", "CMCS1.csproj", "{C2D75806-6F4C-4F2C-8716-A6CD92FD9465}"
EndProject
Project("{FAE04EC0-301F-11D3-BF4B-00C04F79EFBC}") = "CMCS1.Test", "..\CMCS1.Test\CMCS1.Test.csproj", "{1317441C-B2AC-462E-A841-BA77F627333C}"
EndProject
Global
	GlobalSection(SolutionConfigurationPlatforms) = preSolution
		Debug|Any CPU = Debug|Any CPU
		Release|Any CPU = Release|Any CPU
	EndGlobalSection
	GlobalSection(ProjectConfigurationPlatforms) = postSolution
		{C2D75806-6F4C-4F2C-8716-A6CD92FD9465}.Debug|Any CPU.ActiveCfg = Debug|Any CPU
		{C2D75806-6F4C-4F2C-8716-A6CD92FD9465}.Debug|Any CPU.Build.0 = Debug|Any CPU
		{C2D75806-6F4C-4F2C-8716-A6CD92FD9465}.Release|Any CPU.ActiveCfg = Release|Any CPU
		{C2D75806-6F4C-4F2C-8716-A6CD92FD9465}.Release|Any CPU.Build.0 = Release|Any CPU
		{1317441C-B2AC-462E-A841-BA77F627333C}.Debug|Any CPU.ActiveCfg = Debug|Any CPU
		{1317441C-B2AC-462E-A841-BA77F627333C}.Debug|Any CPU.Build.0 = Debug|Any CPU
		{1317441C-B2AC-462E-A841-BA77F627333C}.Release|Any CPU.ActiveCfg = Release|Any CPU
		{1317441C-B2AC-462E-A841-BA77F627333C}.Release|Any CPU.Build.0 = Release|Any CPU
	EndGlobalSection
	GlobalSection(SolutionProperties) = preSolution
		HideSolutionNode = FALSE
	EndGlobalSection
	GlobalSection(ExtensibilityGlobals) = postSolution
		SolutionGuid = {C11D7CD6-24D8-4ACE-92AB-B88760EF49A7}
	EndGlobalSection
EndGlobal
